PODS:
  - Alamofire (4.0.0)
  - SnapKit (3.0.1)
  - SwiftyJSON (3.0.0)

DEPENDENCIES:
  - Alamofire (~> 4.0)
  - SnapKit (~> 3.0)
  - SwiftyJSON

SPEC CHECKSUMS:
  Alamofire: fef59f00388f267e52d9b432aa5d93dc97190f14
  SnapKit: f818b8326d45b4e1c777d0ab27b5c0a3624bfdeb
  SwiftyJSON: f57b2b44bc166617372d1c70773591fe9f0f5fd4

PODFILE CHECKSUM: a5d3b7761e323cd7045e11d7b27c70e1cba947e5

COCOAPODS: 1.1.0.rc.2
